// !$*UTF8*$!
{
	archiveVersion = 1;
	classes = {
	};
	objectVersion = 46;
	objects = {

/* Begin PBXBuildFile section */
		080F508D1667CF4E00595BDF /* RollViewController.m in Sources */ = {isa = PBXBuildFile; fileRef = 080F508C1667CF4E00595BDF /* RollViewController.m */; };
		081269C01686ECA00000A488 /* Icon-72.png in Resources */ = {isa = PBXBuildFile; fileRef = 081269B81686EC9F0000A488 /* Icon-72.png */; };
		081269C11686ECA00000A488 /* Icon-72.png in Resources */ = {isa = PBXBuildFile; fileRef = 081269B81686EC9F0000A488 /* Icon-72.png */; };
		081269C21686ECA00000A488 /* Icon-72@2x.png in Resources */ = {isa = PBXBuildFile; fileRef = 081269B91686ECA00000A488 /* Icon-72@2x.png */; };
		081269C31686ECA00000A488 /* Icon-72@2x.png in Resources */ = {isa = PBXBuildFile; fileRef = 081269B91686ECA00000A488 /* Icon-72@2x.png */; };
		081269C41686ECA00000A488 /* Icon-Small-50.png in Resources */ = {isa = PBXBuildFile; fileRef = 081269BA1686ECA00000A488 /* Icon-Small-50.png */; };
		081269C51686ECA00000A488 /* Icon-Small-50.png in Resources */ = {isa = PBXBuildFile; fileRef = 081269BA1686ECA00000A488 /* Icon-Small-50.png */; };
		081269C61686ECA00000A488 /* Icon-Small-50@2x.png in Resources */ = {isa = PBXBuildFile; fileRef = 081269BB1686ECA00000A488 /* Icon-Small-50@2x.png */; };
		081269C71686ECA00000A488 /* Icon-Small-50@2x.png in Resources */ = {isa = PBXBuildFile; fileRef = 081269BB1686ECA00000A488 /* Icon-Small-50@2x.png */; };
		081269C81686ECA00000A488 /* Icon-Small.png in Resources */ = {isa = PBXBuildFile; fileRef = 081269BC1686ECA00000A488 /* Icon-Small.png */; };
		081269C91686ECA00000A488 /* Icon-Small.png in Resources */ = {isa = PBXBuildFile; fileRef = 081269BC1686ECA00000A488 /* Icon-Small.png */; };
		081269CA1686ECA00000A488 /* Icon-Small@2x.png in Resources */ = {isa = PBXBuildFile; fileRef = 081269BD1686ECA00000A488 /* Icon-Small@2x.png */; };
		081269CB1686ECA00000A488 /* Icon-Small@2x.png in Resources */ = {isa = PBXBuildFile; fileRef = 081269BD1686ECA00000A488 /* Icon-Small@2x.png */; };
		081269CC1686ECA00000A488 /* Icon.png in Resources */ = {isa = PBXBuildFile; fileRef = 081269BE1686ECA00000A488 /* Icon.png */; };
		081269CD1686ECA00000A488 /* Icon.png in Resources */ = {isa = PBXBuildFile; fileRef = 081269BE1686ECA00000A488 /* Icon.png */; };
		081269CE1686ECA00000A488 /* Icon@2x.png in Resources */ = {isa = PBXBuildFile; fileRef = 081269BF1686ECA00000A488 /* Icon@2x.png */; };
		081269CF1686ECA00000A488 /* Icon@2x.png in Resources */ = {isa = PBXBuildFile; fileRef = 081269BF1686ECA00000A488 /* Icon@2x.png */; };
		081269D21686EF250000A488 /* iTunesArtwork in Resources */ = {isa = PBXBuildFile; fileRef = 081269D01686EF240000A488 /* iTunesArtwork */; };
		081269D31686EF250000A488 /* iTunesArtwork in Resources */ = {isa = PBXBuildFile; fileRef = 081269D01686EF240000A488 /* iTunesArtwork */; };
		081269D41686EF250000A488 /* iTunesArtwork@2x in Resources */ = {isa = PBXBuildFile; fileRef = 081269D11686EF250000A488 /* iTunesArtwork@2x */; };
		081269D51686EF250000A488 /* iTunesArtwork@2x in Resources */ = {isa = PBXBuildFile; fileRef = 081269D11686EF250000A488 /* iTunesArtwork@2x */; };
		081C39EC1681E7A5004BC752 /* backSlashKeyDownBackground.png in Resources */ = {isa = PBXBuildFile; fileRef = 081C39E91681E7A5004BC752 /* backSlashKeyDownBackground.png */; };
		081C39ED1681E7A5004BC752 /* backSlashKeyDownBackground.png in Resources */ = {isa = PBXBuildFile; fileRef = 081C39E91681E7A5004BC752 /* backSlashKeyDownBackground.png */; };
		081C39F11681EC93004BC752 /* CustomTextView.m in Sources */ = {isa = PBXBuildFile; fileRef = 081C39F01681EC93004BC752 /* CustomTextView.m */; };
		081C39F21681EC93004BC752 /* CustomTextView.m in Sources */ = {isa = PBXBuildFile; fileRef = 081C39F01681EC93004BC752 /* CustomTextView.m */; };
		081C39F91682851F004BC752 /* NumberKeypadBackSlash.m in Sources */ = {isa = PBXBuildFile; fileRef = 081C39F81682851E004BC752 /* NumberKeypadBackSlash.m */; settings = {COMPILER_FLAGS = "-fno-objc-arc"; }; };
		081C39FA1682851F004BC752 /* NumberKeypadBackSlash.m in Sources */ = {isa = PBXBuildFile; fileRef = 081C39F81682851E004BC752 /* NumberKeypadBackSlash.m */; };
		081C3A0516829B7D004BC752 /* RDActionSheet.m in Sources */ = {isa = PBXBuildFile; fileRef = 081C3A0416829B7C004BC752 /* RDActionSheet.m */; };
		081C3A0616829B7D004BC752 /* RDActionSheet.m in Sources */ = {isa = PBXBuildFile; fileRef = 081C3A0416829B7C004BC752 /* RDActionSheet.m */; };
		081EFBA0168A6E060048E717 /* MoveViewTextField.m in Sources */ = {isa = PBXBuildFile; fileRef = 081EFB9F168A6E050048E717 /* MoveViewTextField.m */; };
		083251EF168CE1B60057EB2D /* Tour4s@2x.png in Resources */ = {isa = PBXBuildFile; fileRef = 083251EE168CE1B60057EB2D /* Tour4s@2x.png */; };
		083251F1168CE2510057EB2D /* tour-logo@2x.png in Resources */ = {isa = PBXBuildFile; fileRef = 083251F0168CE2510057EB2D /* tour-logo@2x.png */; };
		084552581681AD79002C7BFB /* LoadingView.m in Sources */ = {isa = PBXBuildFile; fileRef = 084552571681AD79002C7BFB /* LoadingView.m */; };
		084A814A168BE5D5001C8C29 /* MainStoryboard.storyboard in Resources */ = {isa = PBXBuildFile; fileRef = 084A8149168BE5D5001C8C29 /* MainStoryboard.storyboard */; };
		084A814D168BE781001C8C29 /* Tour.png in Resources */ = {isa = PBXBuildFile; fileRef = 084A814B168BE781001C8C29 /* Tour.png */; };
		084A814E168BE781001C8C29 /* Tour4s.png in Resources */ = {isa = PBXBuildFile; fileRef = 084A814C168BE781001C8C29 /* Tour4s.png */; };
		084A8151168BE801001C8C29 /* TourImageViewController.m in Sources */ = {isa = PBXBuildFile; fileRef = 084A8150168BE800001C8C29 /* TourImageViewController.m */; };
		084A8156168C19CB001C8C29 /* settings-gear@2x.png in Resources */ = {isa = PBXBuildFile; fileRef = 084A8155168C19CA001C8C29 /* settings-gear@2x.png */; };
		085CB70A16692ABA00AA7D74 /* RollDataViewController.m in Sources */ = {isa = PBXBuildFile; fileRef = 085CB70916692ABA00AA7D74 /* RollDataViewController.m */; };
		086B143E167015D700E7A76F /* MapViewController.m in Sources */ = {isa = PBXBuildFile; fileRef = 086B143D167015D700E7A76F /* MapViewController.m */; };
		086D888C1669CF7D00E90A91 /* libsqlite3.dylib in Frameworks */ = {isa = PBXBuildFile; fileRef = 086D888B1669CF7D00E90A91 /* libsqlite3.dylib */; };
		086E3B7116845E8A00F3ECA1 /* edit-arrow.png in Resources */ = {isa = PBXBuildFile; fileRef = 086E3B7016845E8A00F3ECA1 /* edit-arrow.png */; };
		086E6D5D166B3A89001D11BB /* DatabaseControl.m in Sources */ = {isa = PBXBuildFile; fileRef = 086E6D5C166B3A89001D11BB /* DatabaseControl.m */; };
		086E6D5E166B3A89001D11BB /* DatabaseControl.m in Sources */ = {isa = PBXBuildFile; fileRef = 086E6D5C166B3A89001D11BB /* DatabaseControl.m */; };
		08777AF2169775A4008A0EFE /* Settings.bundle in Resources */ = {isa = PBXBuildFile; fileRef = 08777AF1169775A4008A0EFE /* Settings.bundle */; };
		08777AF3169775A4008A0EFE /* Settings.bundle in Resources */ = {isa = PBXBuildFile; fileRef = 08777AF1169775A4008A0EFE /* Settings.bundle */; };
		08777AF6169775D3008A0EFE /* SettingViewController.m in Sources */ = {isa = PBXBuildFile; fileRef = 08777AF5169775D3008A0EFE /* SettingViewController.m */; };
		08777AF7169775D3008A0EFE /* SettingViewController.m in Sources */ = {isa = PBXBuildFile; fileRef = 08777AF5169775D3008A0EFE /* SettingViewController.m */; };
		08777AFA169775E0008A0EFE /* MoreInfoViewController.m in Sources */ = {isa = PBXBuildFile; fileRef = 08777AF9169775E0008A0EFE /* MoreInfoViewController.m */; };
		08777AFB169775E0008A0EFE /* MoreInfoViewController.m in Sources */ = {isa = PBXBuildFile; fileRef = 08777AF9169775E0008A0EFE /* MoreInfoViewController.m */; };
		08838E4B1682C01200195750 /* LocationController.m in Sources */ = {isa = PBXBuildFile; fileRef = 08838E4A1682C01200195750 /* LocationController.m */; };
		08838E4C1682C01200195750 /* LocationController.m in Sources */ = {isa = PBXBuildFile; fileRef = 08838E4A1682C01200195750 /* LocationController.m */; };
		0893612D168664F20065F023 /* edit-arrow@2x.png in Resources */ = {isa = PBXBuildFile; fileRef = 0893612C168664F10065F023 /* edit-arrow@2x.png */; };
		08936130168698490065F023 /* AddressAnnotation.m in Sources */ = {isa = PBXBuildFile; fileRef = 0893612F168698490065F023 /* AddressAnnotation.m */; };
		08936131168698490065F023 /* AddressAnnotation.m in Sources */ = {isa = PBXBuildFile; fileRef = 0893612F168698490065F023 /* AddressAnnotation.m */; };
		08955500166DB6010081AD46 /* TTAlertView.m in Sources */ = {isa = PBXBuildFile; fileRef = 089554FF166DB6000081AD46 /* TTAlertView.m */; };
		08955501166DB6010081AD46 /* TTAlertView.m in Sources */ = {isa = PBXBuildFile; fileRef = 089554FF166DB6000081AD46 /* TTAlertView.m */; };
		08955508166DDB850081AD46 /* MapKit.framework in Frameworks */ = {isa = PBXBuildFile; fileRef = 08955507166DDB850081AD46 /* MapKit.framework */; };
		08955556166DFE480081AD46 /* CoreLocation.framework in Frameworks */ = {isa = PBXBuildFile; fileRef = 08955555166DFE480081AD46 /* CoreLocation.framework */; };
		08AEE7821683A35400038F37 /* settings-gear.png in Resources */ = {isa = PBXBuildFile; fileRef = 08AEE7801683A35400038F37 /* settings-gear.png */; };
		08AEE7831683A3C400038F37 /* settings-gear.png in Resources */ = {isa = PBXBuildFile; fileRef = 08AEE7801683A35400038F37 /* settings-gear.png */; };
		08AEE7961683D09500038F37 /* CustomDefaultsCell.m in Sources */ = {isa = PBXBuildFile; fileRef = 08AEE7951683D09300038F37 /* CustomDefaultsCell.m */; };
		08AEE7971683D09500038F37 /* CustomDefaultsCell.m in Sources */ = {isa = PBXBuildFile; fileRef = 08AEE7951683D09300038F37 /* CustomDefaultsCell.m */; };
		08BEE48F1687B136002F855C /* Default@2x.png in Resources */ = {isa = PBXBuildFile; fileRef = 08BEE48E1687B136002F855C /* Default@2x.png */; };
		08BEE4901687B136002F855C /* Default@2x.png in Resources */ = {isa = PBXBuildFile; fileRef = 08BEE48E1687B136002F855C /* Default@2x.png */; };
		08BEE4921687B165002F855C /* Default.png in Resources */ = {isa = PBXBuildFile; fileRef = 08BEE4911687B165002F855C /* Default.png */; };
		08BEE4931687B165002F855C /* Default.png in Resources */ = {isa = PBXBuildFile; fileRef = 08BEE4911687B165002F855C /* Default.png */; };
		08BEE4961687D2E6002F855C /* edit-arrow-highlight.png in Resources */ = {isa = PBXBuildFile; fileRef = 08BEE4941687D2E5002F855C /* edit-arrow-highlight.png */; };
		08BEE4971687D2E6002F855C /* edit-arrow-highlight.png in Resources */ = {isa = PBXBuildFile; fileRef = 08BEE4941687D2E5002F855C /* edit-arrow-highlight.png */; };
		08BEE4981687D2E6002F855C /* edit-arrow-highlight@2x.png in Resources */ = {isa = PBXBuildFile; fileRef = 08BEE4951687D2E5002F855C /* edit-arrow-highlight@2x.png */; };
		08BEE4991687D2E6002F855C /* edit-arrow-highlight@2x.png in Resources */ = {isa = PBXBuildFile; fileRef = 08BEE4951687D2E5002F855C /* edit-arrow-highlight@2x.png */; };
		08BEE49E1687DB9A002F855C /* tour-logo.png in Resources */ = {isa = PBXBuildFile; fileRef = 08BEE49D1687DB9A002F855C /* tour-logo.png */; };
		08BEE49F1687DB9A002F855C /* tour-logo.png in Resources */ = {isa = PBXBuildFile; fileRef = 08BEE49D1687DB9A002F855C /* tour-logo.png */; };
		08BEE4A21687DD33002F855C /* TourViewController.m in Sources */ = {isa = PBXBuildFile; fileRef = 08BEE4A11687DD32002F855C /* TourViewController.m */; };
		08BEE4A31687DD33002F855C /* TourViewController.m in Sources */ = {isa = PBXBuildFile; fileRef = 08BEE4A11687DD32002F855C /* TourViewController.m */; };
		08C041C51670262E0091756E /* AddressBook.framework in Frameworks */ = {isa = PBXBuildFile; fileRef = 08C041C41670262E0091756E /* AddressBook.framework */; };
		08D14F5416671A0F00668779 /* UIKit.framework in Frameworks */ = {isa = PBXBuildFile; fileRef = 08D14F5316671A0F00668779 /* UIKit.framework */; };
		08D14F5616671A0F00668779 /* Foundation.framework in Frameworks */ = {isa = PBXBuildFile; fileRef = 08D14F5516671A0F00668779 /* Foundation.framework */; };
		08D14F5816671A0F00668779 /* CoreGraphics.framework in Frameworks */ = {isa = PBXBuildFile; fileRef = 08D14F5716671A0F00668779 /* CoreGraphics.framework */; };
		08D14F5E16671A1000668779 /* InfoPlist.strings in Resources */ = {isa = PBXBuildFile; fileRef = 08D14F5C16671A1000668779 /* InfoPlist.strings */; };
		08D14F6016671A1000668779 /* main.m in Sources */ = {isa = PBXBuildFile; fileRef = 08D14F5F16671A1000668779 /* main.m */; };
		08D14F6416671A1000668779 /* AppDelegate.m in Sources */ = {isa = PBXBuildFile; fileRef = 08D14F6316671A1000668779 /* AppDelegate.m */; };
		08D14F6A16671A1000668779 /* Default-568h@2x.png in Resources */ = {isa = PBXBuildFile; fileRef = 08D14F6916671A1000668779 /* Default-568h@2x.png */; };
		08D14F7016671A1000668779 /* ViewController.m in Sources */ = {isa = PBXBuildFile; fileRef = 08D14F6F16671A1000668779 /* ViewController.m */; };
		08D14F7816671A1000668779 /* SenTestingKit.framework in Frameworks */ = {isa = PBXBuildFile; fileRef = 08D14F7716671A1000668779 /* SenTestingKit.framework */; };
		08D14F7916671A1000668779 /* UIKit.framework in Frameworks */ = {isa = PBXBuildFile; fileRef = 08D14F5316671A0F00668779 /* UIKit.framework */; };
		08D14F7A16671A1000668779 /* Foundation.framework in Frameworks */ = {isa = PBXBuildFile; fileRef = 08D14F5516671A0F00668779 /* Foundation.framework */; };
		08D14F8216671A1000668779 /* InfoPlist.strings in Resources */ = {isa = PBXBuildFile; fileRef = 08D14F8016671A1000668779 /* InfoPlist.strings */; };
		08D14F8516671A1100668779 /* FilmNotesTests.m in Sources */ = {isa = PBXBuildFile; fileRef = 08D14F8416671A1000668779 /* FilmNotesTests.m */; };
		08D14F9216671B8F00668779 /* CustomCell.m in Sources */ = {isa = PBXBuildFile; fileRef = 08D14F9116671B8F00668779 /* CustomCell.m */; };
		08E02C9616672B3000AD45DA /* Walkway_SemiBold.ttf in Resources */ = {isa = PBXBuildFile; fileRef = 08E02C9316672AD000AD45DA /* Walkway_SemiBold.ttf */; };
		08E02C9716672B3200AD45DA /* Walkway_SemiBold.ttf in Resources */ = {isa = PBXBuildFile; fileRef = 08E02C9316672AD000AD45DA /* Walkway_SemiBold.ttf */; };
		08E56E02166833820055DEC9 /* QuartzCore.framework in Frameworks */ = {isa = PBXBuildFile; fileRef = 08E56E01166833820055DEC9 /* QuartzCore.framework */; };
/* End PBXBuildFile section */

/* Begin PBXContainerItemProxy section */
		08D14F7B16671A1000668779 /* PBXContainerItemProxy */ = {
			isa = PBXContainerItemProxy;
			containerPortal = 08D14F4616671A0F00668779 /* Project object */;
			proxyType = 1;
			remoteGlobalIDString = 08D14F4E16671A0F00668779;
			remoteInfo = FilmNotes;
		};
/* End PBXContainerItemProxy section */

/* Begin PBXFileReference section */
		080F508B1667CF4E00595BDF /* RollViewController.h */ = {isa = PBXFileReference; fileEncoding = 4; lastKnownFileType = sourcecode.c.h; path = RollViewController.h; sourceTree = "<group>"; };
		080F508C1667CF4E00595BDF /* RollViewController.m */ = {isa = PBXFileReference; fileEncoding = 4; lastKnownFileType = sourcecode.c.objc; path = RollViewController.m; sourceTree = "<group>"; };
		081269B81686EC9F0000A488 /* Icon-72.png */ = {isa = PBXFileReference; lastKnownFileType = image.png; path = "Icon-72.png"; sourceTree = "<group>"; };
		081269B91686ECA00000A488 /* Icon-72@2x.png */ = {isa = PBXFileReference; lastKnownFileType = image.png; path = "Icon-72@2x.png"; sourceTree = "<group>"; };
		081269BA1686ECA00000A488 /* Icon-Small-50.png */ = {isa = PBXFileReference; lastKnownFileType = image.png; path = "Icon-Small-50.png"; sourceTree = "<group>"; };
		081269BB1686ECA00000A488 /* Icon-Small-50@2x.png */ = {isa = PBXFileReference; lastKnownFileType = image.png; path = "Icon-Small-50@2x.png"; sourceTree = "<group>"; };
		081269BC1686ECA00000A488 /* Icon-Small.png */ = {isa = PBXFileReference; lastKnownFileType = image.png; path = "Icon-Small.png"; sourceTree = "<group>"; };
		081269BD1686ECA00000A488 /* Icon-Small@2x.png */ = {isa = PBXFileReference; lastKnownFileType = image.png; path = "Icon-Small@2x.png"; sourceTree = "<group>"; };
		081269BE1686ECA00000A488 /* Icon.png */ = {isa = PBXFileReference; lastKnownFileType = image.png; path = Icon.png; sourceTree = "<group>"; };
		081269BF1686ECA00000A488 /* Icon@2x.png */ = {isa = PBXFileReference; lastKnownFileType = image.png; path = "Icon@2x.png"; sourceTree = "<group>"; };
		081269D01686EF240000A488 /* iTunesArtwork */ = {isa = PBXFileReference; lastKnownFileType = file; path = iTunesArtwork; sourceTree = "<group>"; };
		081269D11686EF250000A488 /* iTunesArtwork@2x */ = {isa = PBXFileReference; lastKnownFileType = file; path = "iTunesArtwork@2x"; sourceTree = "<group>"; };
		081C39E91681E7A5004BC752 /* backSlashKeyDownBackground.png */ = {isa = PBXFileReference; lastKnownFileType = image.png; path = backSlashKeyDownBackground.png; sourceTree = "<group>"; };
		081C39EF1681EC92004BC752 /* CustomTextView.h */ = {isa = PBXFileReference; fileEncoding = 4; lastKnownFileType = sourcecode.c.h; path = CustomTextView.h; sourceTree = "<group>"; };
		081C39F01681EC93004BC752 /* CustomTextView.m */ = {isa = PBXFileReference; fileEncoding = 4; lastKnownFileType = sourcecode.c.objc; path = CustomTextView.m; sourceTree = "<group>"; };
		081C39F71682851E004BC752 /* NumberKeypadBackSlash.h */ = {isa = PBXFileReference; fileEncoding = 4; lastKnownFileType = sourcecode.c.h; path = NumberKeypadBackSlash.h; sourceTree = "<group>"; };
		081C39F81682851E004BC752 /* NumberKeypadBackSlash.m */ = {isa = PBXFileReference; fileEncoding = 4; lastKnownFileType = sourcecode.c.objc; path = NumberKeypadBackSlash.m; sourceTree = "<group>"; };
		081C3A0316829B7B004BC752 /* RDActionSheet.h */ = {isa = PBXFileReference; fileEncoding = 4; lastKnownFileType = sourcecode.c.h; path = RDActionSheet.h; sourceTree = "<group>"; };
		081C3A0416829B7C004BC752 /* RDActionSheet.m */ = {isa = PBXFileReference; fileEncoding = 4; lastKnownFileType = sourcecode.c.objc; path = RDActionSheet.m; sourceTree = "<group>"; };
		081EFB9E168A6E050048E717 /* MoveViewTextField.h */ = {isa = PBXFileReference; fileEncoding = 4; lastKnownFileType = sourcecode.c.h; path = MoveViewTextField.h; sourceTree = "<group>"; };
		081EFB9F168A6E050048E717 /* MoveViewTextField.m */ = {isa = PBXFileReference; fileEncoding = 4; lastKnownFileType = sourcecode.c.objc; path = MoveViewTextField.m; sourceTree = "<group>"; };
		083251EE168CE1B60057EB2D /* Tour4s@2x.png */ = {isa = PBXFileReference; lastKnownFileType = image.png; path = "Tour4s@2x.png"; sourceTree = "<group>"; };
		083251F0168CE2510057EB2D /* tour-logo@2x.png */ = {isa = PBXFileReference; lastKnownFileType = image.png; path = "tour-logo@2x.png"; sourceTree = "<group>"; };
		084552561681AD78002C7BFB /* LoadingView.h */ = {isa = PBXFileReference; fileEncoding = 4; lastKnownFileType = sourcecode.c.h; path = LoadingView.h; sourceTree = "<group>"; };
		084552571681AD79002C7BFB /* LoadingView.m */ = {isa = PBXFileReference; fileEncoding = 4; lastKnownFileType = sourcecode.c.objc; path = LoadingView.m; sourceTree = "<group>"; };
		084A8149168BE5D5001C8C29 /* MainStoryboard.storyboard */ = {isa = PBXFileReference; fileEncoding = 4; lastKnownFileType = file.storyboard; path = MainStoryboard.storyboard; sourceTree = "<group>"; };
		084A814B168BE781001C8C29 /* Tour.png */ = {isa = PBXFileReference; lastKnownFileType = image.png; path = Tour.png; sourceTree = "<group>"; };
		084A814C168BE781001C8C29 /* Tour4s.png */ = {isa = PBXFileReference; lastKnownFileType = image.png; path = Tour4s.png; sourceTree = "<group>"; };
		084A814F168BE800001C8C29 /* TourImageViewController.h */ = {isa = PBXFileReference; fileEncoding = 4; lastKnownFileType = sourcecode.c.h; path = TourImageViewController.h; sourceTree = "<group>"; };
		084A8150168BE800001C8C29 /* TourImageViewController.m */ = {isa = PBXFileReference; fileEncoding = 4; lastKnownFileType = sourcecode.c.objc; path = TourImageViewController.m; sourceTree = "<group>"; };
		084A8155168C19CA001C8C29 /* settings-gear@2x.png */ = {isa = PBXFileReference; lastKnownFileType = image.png; path = "settings-gear@2x.png"; sourceTree = "<group>"; };
		085CB70816692ABA00AA7D74 /* RollDataViewController.h */ = {isa = PBXFileReference; fileEncoding = 4; lastKnownFileType = sourcecode.c.h; path = RollDataViewController.h; sourceTree = "<group>"; };
		085CB70916692ABA00AA7D74 /* RollDataViewController.m */ = {isa = PBXFileReference; fileEncoding = 4; lastKnownFileType = sourcecode.c.objc; path = RollDataViewController.m; sourceTree = "<group>"; };
		086B143C167015D700E7A76F /* MapViewController.h */ = {isa = PBXFileReference; fileEncoding = 4; lastKnownFileType = sourcecode.c.h; path = MapViewController.h; sourceTree = "<group>"; };
		086B143D167015D700E7A76F /* MapViewController.m */ = {isa = PBXFileReference; fileEncoding = 4; lastKnownFileType = sourcecode.c.objc; path = MapViewController.m; sourceTree = "<group>"; };
		086D888B1669CF7D00E90A91 /* libsqlite3.dylib */ = {isa = PBXFileReference; lastKnownFileType = "compiled.mach-o.dylib"; name = libsqlite3.dylib; path = usr/lib/libsqlite3.dylib; sourceTree = SDKROOT; };
		086E3B7016845E8A00F3ECA1 /* edit-arrow.png */ = {isa = PBXFileReference; lastKnownFileType = image.png; path = "edit-arrow.png"; sourceTree = "<group>"; };
		086E6D5B166B3A88001D11BB /* DatabaseControl.h */ = {isa = PBXFileReference; fileEncoding = 4; lastKnownFileType = sourcecode.c.h; path = DatabaseControl.h; sourceTree = "<group>"; };
		086E6D5C166B3A89001D11BB /* DatabaseControl.m */ = {isa = PBXFileReference; fileEncoding = 4; lastKnownFileType = sourcecode.c.objc; path = DatabaseControl.m; sourceTree = "<group>"; };
		08777AF1169775A4008A0EFE /* Settings.bundle */ = {isa = PBXFileReference; lastKnownFileType = "wrapper.plug-in"; name = Settings.bundle; path = FilmNotes/Settings.bundle; sourceTree = "<group>"; };
		08777AF4169775D3008A0EFE /* SettingViewController.h */ = {isa = PBXFileReference; fileEncoding = 4; lastKnownFileType = sourcecode.c.h; path = SettingViewController.h; sourceTree = "<group>"; };
		08777AF5169775D3008A0EFE /* SettingViewController.m */ = {isa = PBXFileReference; fileEncoding = 4; lastKnownFileType = sourcecode.c.objc; path = SettingViewController.m; sourceTree = "<group>"; };
		08777AF8169775E0008A0EFE /* MoreInfoViewController.h */ = {isa = PBXFileReference; fileEncoding = 4; lastKnownFileType = sourcecode.c.h; path = MoreInfoViewController.h; sourceTree = "<group>"; };
		08777AF9169775E0008A0EFE /* MoreInfoViewController.m */ = {isa = PBXFileReference; fileEncoding = 4; lastKnownFileType = sourcecode.c.objc; path = MoreInfoViewController.m; sourceTree = "<group>"; };
		08838E491682C01200195750 /* LocationController.h */ = {isa = PBXFileReference; fileEncoding = 4; lastKnownFileType = sourcecode.c.h; path = LocationController.h; sourceTree = "<group>"; };
		08838E4A1682C01200195750 /* LocationController.m */ = {isa = PBXFileReference; fileEncoding = 4; lastKnownFileType = sourcecode.c.objc; path = LocationController.m; sourceTree = "<group>"; };
		0893612C168664F10065F023 /* edit-arrow@2x.png */ = {isa = PBXFileReference; lastKnownFileType = image.png; path = "edit-arrow@2x.png"; sourceTree = "<group>"; };
		0893612E168698480065F023 /* AddressAnnotation.h */ = {isa = PBXFileReference; fileEncoding = 4; lastKnownFileType = sourcecode.c.h; path = AddressAnnotation.h; sourceTree = "<group>"; };
		0893612F168698490065F023 /* AddressAnnotation.m */ = {isa = PBXFileReference; fileEncoding = 4; lastKnownFileType = sourcecode.c.objc; path = AddressAnnotation.m; sourceTree = "<group>"; };
		089554FE166DB6000081AD46 /* TTAlertView.h */ = {isa = PBXFileReference; fileEncoding = 4; lastKnownFileType = sourcecode.c.h; path = TTAlertView.h; sourceTree = "<group>"; };
		089554FF166DB6000081AD46 /* TTAlertView.m */ = {isa = PBXFileReference; fileEncoding = 4; lastKnownFileType = sourcecode.c.objc; path = TTAlertView.m; sourceTree = "<group>"; };
		08955507166DDB850081AD46 /* MapKit.framework */ = {isa = PBXFileReference; lastKnownFileType = wrapper.framework; name = MapKit.framework; path = System/Library/Frameworks/MapKit.framework; sourceTree = SDKROOT; };
		08955555166DFE480081AD46 /* CoreLocation.framework */ = {isa = PBXFileReference; lastKnownFileType = wrapper.framework; name = CoreLocation.framework; path = System/Library/Frameworks/CoreLocation.framework; sourceTree = SDKROOT; };
		08AEE7801683A35400038F37 /* settings-gear.png */ = {isa = PBXFileReference; lastKnownFileType = image.png; path = "settings-gear.png"; sourceTree = "<group>"; };
		08AEE7941683D09100038F37 /* CustomDefaultsCell.h */ = {isa = PBXFileReference; fileEncoding = 4; lastKnownFileType = sourcecode.c.h; path = CustomDefaultsCell.h; sourceTree = "<group>"; };
		08AEE7951683D09300038F37 /* CustomDefaultsCell.m */ = {isa = PBXFileReference; fileEncoding = 4; lastKnownFileType = sourcecode.c.objc; path = CustomDefaultsCell.m; sourceTree = "<group>"; };
		08BEE48E1687B136002F855C /* Default@2x.png */ = {isa = PBXFileReference; lastKnownFileType = image.png; path = "Default@2x.png"; sourceTree = "<group>"; };
		08BEE4911687B165002F855C /* Default.png */ = {isa = PBXFileReference; lastKnownFileType = image.png; path = Default.png; sourceTree = "<group>"; };
		08BEE4941687D2E5002F855C /* edit-arrow-highlight.png */ = {isa = PBXFileReference; lastKnownFileType = image.png; path = "edit-arrow-highlight.png"; sourceTree = "<group>"; };
		08BEE4951687D2E5002F855C /* edit-arrow-highlight@2x.png */ = {isa = PBXFileReference; lastKnownFileType = image.png; path = "edit-arrow-highlight@2x.png"; sourceTree = "<group>"; };
		08BEE49D1687DB9A002F855C /* tour-logo.png */ = {isa = PBXFileReference; lastKnownFileType = image.png; path = "tour-logo.png"; sourceTree = "<group>"; };
		08BEE4A01687DD32002F855C /* TourViewController.h */ = {isa = PBXFileReference; fileEncoding = 4; lastKnownFileType = sourcecode.c.h; path = TourViewController.h; sourceTree = "<group>"; };
		08BEE4A11687DD32002F855C /* TourViewController.m */ = {isa = PBXFileReference; fileEncoding = 4; lastKnownFileType = sourcecode.c.objc; path = TourViewController.m; sourceTree = "<group>"; };
		08C041C41670262E0091756E /* AddressBook.framework */ = {isa = PBXFileReference; lastKnownFileType = wrapper.framework; name = AddressBook.framework; path = System/Library/Frameworks/AddressBook.framework; sourceTree = SDKROOT; };
		08D14F4F16671A0F00668779 /* FilmNotes.app */ = {isa = PBXFileReference; explicitFileType = wrapper.application; includeInIndex = 0; path = FilmNotes.app; sourceTree = BUILT_PRODUCTS_DIR; };
		08D14F5316671A0F00668779 /* UIKit.framework */ = {isa = PBXFileReference; lastKnownFileType = wrapper.framework; name = UIKit.framework; path = System/Library/Frameworks/UIKit.framework; sourceTree = SDKROOT; };
		08D14F5516671A0F00668779 /* Foundation.framework */ = {isa = PBXFileReference; lastKnownFileType = wrapper.framework; name = Foundation.framework; path = System/Library/Frameworks/Foundation.framework; sourceTree = SDKROOT; };
		08D14F5716671A0F00668779 /* CoreGraphics.framework */ = {isa = PBXFileReference; lastKnownFileType = wrapper.framework; name = CoreGraphics.framework; path = System/Library/Frameworks/CoreGraphics.framework; sourceTree = SDKROOT; };
		08D14F5B16671A1000668779 /* FilmNotes-Info.plist */ = {isa = PBXFileReference; lastKnownFileType = text.plist.xml; path = "FilmNotes-Info.plist"; sourceTree = "<group>"; };
		08D14F5D16671A1000668779 /* en */ = {isa = PBXFileReference; lastKnownFileType = text.plist.strings; name = en; path = en.lproj/InfoPlist.strings; sourceTree = "<group>"; };
		08D14F5F16671A1000668779 /* main.m */ = {isa = PBXFileReference; lastKnownFileType = sourcecode.c.objc; path = main.m; sourceTree = "<group>"; };
		08D14F6116671A1000668779 /* FilmNotes-Prefix.pch */ = {isa = PBXFileReference; lastKnownFileType = sourcecode.c.h; path = "FilmNotes-Prefix.pch"; sourceTree = "<group>"; };
		08D14F6216671A1000668779 /* AppDelegate.h */ = {isa = PBXFileReference; lastKnownFileType = sourcecode.c.h; path = AppDelegate.h; sourceTree = "<group>"; };
		08D14F6316671A1000668779 /* AppDelegate.m */ = {isa = PBXFileReference; lastKnownFileType = sourcecode.c.objc; path = AppDelegate.m; sourceTree = "<group>"; };
		08D14F6916671A1000668779 /* Default-568h@2x.png */ = {isa = PBXFileReference; lastKnownFileType = image.png; path = "Default-568h@2x.png"; sourceTree = "<group>"; };
		08D14F6E16671A1000668779 /* ViewController.h */ = {isa = PBXFileReference; lastKnownFileType = sourcecode.c.h; path = ViewController.h; sourceTree = "<group>"; };
		08D14F6F16671A1000668779 /* ViewController.m */ = {isa = PBXFileReference; lastKnownFileType = sourcecode.c.objc; path = ViewController.m; sourceTree = "<group>"; };
		08D14F7616671A1000668779 /* FilmNotesTests.octest */ = {isa = PBXFileReference; explicitFileType = wrapper.cfbundle; includeInIndex = 0; path = FilmNotesTests.octest; sourceTree = BUILT_PRODUCTS_DIR; };
		08D14F7716671A1000668779 /* SenTestingKit.framework */ = {isa = PBXFileReference; lastKnownFileType = wrapper.framework; name = SenTestingKit.framework; path = Library/Frameworks/SenTestingKit.framework; sourceTree = DEVELOPER_DIR; };
		08D14F7F16671A1000668779 /* FilmNotesTests-Info.plist */ = {isa = PBXFileReference; lastKnownFileType = text.plist.xml; path = "FilmNotesTests-Info.plist"; sourceTree = "<group>"; };
		08D14F8116671A1000668779 /* en */ = {isa = PBXFileReference; lastKnownFileType = text.plist.strings; name = en; path = en.lproj/InfoPlist.strings; sourceTree = "<group>"; };
		08D14F8316671A1000668779 /* FilmNotesTests.h */ = {isa = PBXFileReference; lastKnownFileType = sourcecode.c.h; path = FilmNotesTests.h; sourceTree = "<group>"; };
		08D14F8416671A1000668779 /* FilmNotesTests.m */ = {isa = PBXFileReference; lastKnownFileType = sourcecode.c.objc; path = FilmNotesTests.m; sourceTree = "<group>"; };
		08D14F9016671B8F00668779 /* CustomCell.h */ = {isa = PBXFileReference; fileEncoding = 4; lastKnownFileType = sourcecode.c.h; path = CustomCell.h; sourceTree = "<group>"; };
		08D14F9116671B8F00668779 /* CustomCell.m */ = {isa = PBXFileReference; fileEncoding = 4; lastKnownFileType = sourcecode.c.objc; path = CustomCell.m; sourceTree = "<group>"; };
		08E02C9316672AD000AD45DA /* Walkway_SemiBold.ttf */ = {isa = PBXFileReference; lastKnownFileType = file; path = Walkway_SemiBold.ttf; sourceTree = "<group>"; };
		08E56E01166833820055DEC9 /* QuartzCore.framework */ = {isa = PBXFileReference; lastKnownFileType = wrapper.framework; name = QuartzCore.framework; path = System/Library/Frameworks/QuartzCore.framework; sourceTree = SDKROOT; };
/* End PBXFileReference section */

/* Begin PBXFrameworksBuildPhase section */
		08D14F4C16671A0F00668779 /* Frameworks */ = {
			isa = PBXFrameworksBuildPhase;
			buildActionMask = 2147483647;
			files = (
				08C041C51670262E0091756E /* AddressBook.framework in Frameworks */,
				08955556166DFE480081AD46 /* CoreLocation.framework in Frameworks */,
				08955508166DDB850081AD46 /* MapKit.framework in Frameworks */,
				086D888C1669CF7D00E90A91 /* libsqlite3.dylib in Frameworks */,
				08E56E02166833820055DEC9 /* QuartzCore.framework in Frameworks */,
				08D14F5416671A0F00668779 /* UIKit.framework in Frameworks */,
				08D14F5616671A0F00668779 /* Foundation.framework in Frameworks */,
				08D14F5816671A0F00668779 /* CoreGraphics.framework in Frameworks */,
			);
			runOnlyForDeploymentPostprocessing = 0;
		};
		08D14F7216671A1000668779 /* Frameworks */ = {
			isa = PBXFrameworksBuildPhase;
			buildActionMask = 2147483647;
			files = (
				08D14F7816671A1000668779 /* SenTestingKit.framework in Frameworks */,
				08D14F7916671A1000668779 /* UIKit.framework in Frameworks */,
				08D14F7A16671A1000668779 /* Foundation.framework in Frameworks */,
			);
			runOnlyForDeploymentPostprocessing = 0;
		};
/* End PBXFrameworksBuildPhase section */

/* Begin PBXGroup section */
		081C39FC16828532004BC752 /* NumberKeypadBackSlash */ = {
			isa = PBXGroup;
			children = (
				081C39F71682851E004BC752 /* NumberKeypadBackSlash.h */,
				081C39F81682851E004BC752 /* NumberKeypadBackSlash.m */,
			);
			name = NumberKeypadBackSlash;
			sourceTree = "<group>";
		};
		081C3A0716829B88004BC752 /* RDActionSheet */ = {
			isa = PBXGroup;
			children = (
				081C3A0316829B7B004BC752 /* RDActionSheet.h */,
				081C3A0416829B7C004BC752 /* RDActionSheet.m */,
			);
			name = RDActionSheet;
			sourceTree = "<group>";
		};
		084A813B168B7F0B001C8C29 /* Maps */ = {
			isa = PBXGroup;
			children = (
				0893612E168698480065F023 /* AddressAnnotation.h */,
				0893612F168698490065F023 /* AddressAnnotation.m */,
			);
			name = Maps;
			sourceTree = "<group>";
		};
		084A813C168B7F5B001C8C29 /* ViewControllers */ = {
			isa = PBXGroup;
			children = (
				086B143C167015D700E7A76F /* MapViewController.h */,
				086B143D167015D700E7A76F /* MapViewController.m */,
				08777AF8169775E0008A0EFE /* MoreInfoViewController.h */,
				08777AF9169775E0008A0EFE /* MoreInfoViewController.m */,
				08777AF4169775D3008A0EFE /* SettingViewController.h */,
				08777AF5169775D3008A0EFE /* SettingViewController.m */,
				08BEE4A01687DD32002F855C /* TourViewController.h */,
				08BEE4A11687DD32002F855C /* TourViewController.m */,
				085CB70816692ABA00AA7D74 /* RollDataViewController.h */,
				085CB70916692ABA00AA7D74 /* RollDataViewController.m */,
				080F508B1667CF4E00595BDF /* RollViewController.h */,
				080F508C1667CF4E00595BDF /* RollViewController.m */,
				08D14F6E16671A1000668779 /* ViewController.h */,
				08D14F6F16671A1000668779 /* ViewController.m */,
				084A814F168BE800001C8C29 /* TourImageViewController.h */,
				084A8150168BE800001C8C29 /* TourImageViewController.m */,
			);
			name = ViewControllers;
			sourceTree = "<group>";
		};
		084A813D168B7F80001C8C29 /* Custom Subclassed Objects */ = {
			isa = PBXGroup;
			children = (
				081C39EF1681EC92004BC752 /* CustomTextView.h */,
				081C39F01681EC93004BC752 /* CustomTextView.m */,
				081EFB9E168A6E050048E717 /* MoveViewTextField.h */,
				081EFB9F168A6E050048E717 /* MoveViewTextField.m */,
				08AEE7941683D09100038F37 /* CustomDefaultsCell.h */,
				08AEE7951683D09300038F37 /* CustomDefaultsCell.m */,
				08D14F9016671B8F00668779 /* CustomCell.h */,
				08D14F9116671B8F00668779 /* CustomCell.m */,
			);
			name = "Custom Subclassed Objects";
			sourceTree = "<group>";
		};
		084A813E168B7F97001C8C29 /* DatabaseControl */ = {
			isa = PBXGroup;
			children = (
				086E6D5B166B3A88001D11BB /* DatabaseControl.h */,
				086E6D5C166B3A89001D11BB /* DatabaseControl.m */,
			);
			name = DatabaseControl;
			sourceTree = "<group>";
		};
		084A813F168B7FB7001C8C29 /* LoadingView */ = {
			isa = PBXGroup;
			children = (
				084552561681AD78002C7BFB /* LoadingView.h */,
				084552571681AD79002C7BFB /* LoadingView.m */,
			);
			name = LoadingView;
			sourceTree = "<group>";
		};
		086E3B7216850DC800F3ECA1 /* LocationController */ = {
			isa = PBXGroup;
			children = (
				08838E491682C01200195750 /* LocationController.h */,
				08838E4A1682C01200195750 /* LocationController.m */,
			);
			name = LocationController;
			sourceTree = "<group>";
		};
		08955554166DFCF50081AD46 /* TTAlertView */ = {
			isa = PBXGroup;
			children = (
				089554FE166DB6000081AD46 /* TTAlertView.h */,
				089554FF166DB6000081AD46 /* TTAlertView.m */,
			);
			name = TTAlertView;
			sourceTree = "<group>";
		};
		08D14F4416671A0F00668779 = {
			isa = PBXGroup;
			children = (
				08777AF1169775A4008A0EFE /* Settings.bundle */,
				08D14F5916671A0F00668779 /* FilmNotes */,
				08D14F7D16671A1000668779 /* FilmNotesTests */,
				08D14F5216671A0F00668779 /* Frameworks */,
				08D14F5016671A0F00668779 /* Products */,
			);
			sourceTree = "<group>";
		};
		08D14F5016671A0F00668779 /* Products */ = {
			isa = PBXGroup;
			children = (
				08D14F4F16671A0F00668779 /* FilmNotes.app */,
				08D14F7616671A1000668779 /* FilmNotesTests.octest */,
			);
			name = Products;
			sourceTree = "<group>";
		};
		08D14F5216671A0F00668779 /* Frameworks */ = {
			isa = PBXGroup;
			children = (
				08C041C41670262E0091756E /* AddressBook.framework */,
				08955555166DFE480081AD46 /* CoreLocation.framework */,
				08955507166DDB850081AD46 /* MapKit.framework */,
				086D888B1669CF7D00E90A91 /* libsqlite3.dylib */,
				08E56E01166833820055DEC9 /* QuartzCore.framework */,
				08D14F5316671A0F00668779 /* UIKit.framework */,
				08D14F5516671A0F00668779 /* Foundation.framework */,
				08D14F5716671A0F00668779 /* CoreGraphics.framework */,
				08D14F7716671A1000668779 /* SenTestingKit.framework */,
			);
			name = Frameworks;
			sourceTree = "<group>";
		};
		08D14F5916671A0F00668779 /* FilmNotes */ = {
			isa = PBXGroup;
			children = (
				084A813B168B7F0B001C8C29 /* Maps */,
				086E3B7216850DC800F3ECA1 /* LocationController */,
				084A813E168B7F97001C8C29 /* DatabaseControl */,
				081C3A0716829B88004BC752 /* RDActionSheet */,
				08955554166DFCF50081AD46 /* TTAlertView */,
				084A813D168B7F80001C8C29 /* Custom Subclassed Objects */,
				084A813F168B7FB7001C8C29 /* LoadingView */,
				081C39FC16828532004BC752 /* NumberKeypadBackSlash */,
				084A813C168B7F5B001C8C29 /* ViewControllers */,
				084A8149168BE5D5001C8C29 /* MainStoryboard.storyboard */,
				08D14F6216671A1000668779 /* AppDelegate.h */,
				08D14F6316671A1000668779 /* AppDelegate.m */,
				08D14F5A16671A0F00668779 /* Supporting Files */,
			);
			path = FilmNotes;
			sourceTree = "<group>";
		};
		08D14F5A16671A0F00668779 /* Supporting Files */ = {
			isa = PBXGroup;
			children = (
				084A814B168BE781001C8C29 /* Tour.png */,
				084A814C168BE781001C8C29 /* Tour4s.png */,
				083251EE168CE1B60057EB2D /* Tour4s@2x.png */,
				08BEE49D1687DB9A002F855C /* tour-logo.png */,
				083251F0168CE2510057EB2D /* tour-logo@2x.png */,
				081269D01686EF240000A488 /* iTunesArtwork */,
				081269D11686EF250000A488 /* iTunesArtwork@2x */,
				081269B81686EC9F0000A488 /* Icon-72.png */,
				081269B91686ECA00000A488 /* Icon-72@2x.png */,
				081269BA1686ECA00000A488 /* Icon-Small-50.png */,
				081269BB1686ECA00000A488 /* Icon-Small-50@2x.png */,
				081269BC1686ECA00000A488 /* Icon-Small.png */,
				081269BD1686ECA00000A488 /* Icon-Small@2x.png */,
				081269BE1686ECA00000A488 /* Icon.png */,
				081269BF1686ECA00000A488 /* Icon@2x.png */,
				08D14F5C16671A1000668779 /* InfoPlist.strings */,
				086E3B7016845E8A00F3ECA1 /* edit-arrow.png */,
				0893612C168664F10065F023 /* edit-arrow@2x.png */,
				08BEE4941687D2E5002F855C /* edit-arrow-highlight.png */,
				08BEE4951687D2E5002F855C /* edit-arrow-highlight@2x.png */,
				08AEE7801683A35400038F37 /* settings-gear.png */,
				084A8155168C19CA001C8C29 /* settings-gear@2x.png */,
				081C39E91681E7A5004BC752 /* backSlashKeyDownBackground.png */,
				08E02C9316672AD000AD45DA /* Walkway_SemiBold.ttf */,
				08D14F5B16671A1000668779 /* FilmNotes-Info.plist */,
				08D14F5F16671A1000668779 /* main.m */,
				08D14F6116671A1000668779 /* FilmNotes-Prefix.pch */,
				08BEE4911687B165002F855C /* Default.png */,
				08BEE48E1687B136002F855C /* Default@2x.png */,
				08D14F6916671A1000668779 /* Default-568h@2x.png */,
			);
			name = "Supporting Files";
			sourceTree = "<group>";
		};
		08D14F7D16671A1000668779 /* FilmNotesTests */ = {
			isa = PBXGroup;
			children = (
				08D14F8316671A1000668779 /* FilmNotesTests.h */,
				08D14F8416671A1000668779 /* FilmNotesTests.m */,
				08D14F7E16671A1000668779 /* Supporting Files */,
			);
			path = FilmNotesTests;
			sourceTree = "<group>";
		};
		08D14F7E16671A1000668779 /* Supporting Files */ = {
			isa = PBXGroup;
			children = (
				08D14F7F16671A1000668779 /* FilmNotesTests-Info.plist */,
				08D14F8016671A1000668779 /* InfoPlist.strings */,
			);
			name = "Supporting Files";
			sourceTree = "<group>";
		};
/* End PBXGroup section */

/* Begin PBXNativeTarget section */
		08D14F4E16671A0F00668779 /* FilmNotes */ = {
			isa = PBXNativeTarget;
			buildConfigurationList = 08D14F8816671A1100668779 /* Build configuration list for PBXNativeTarget "FilmNotes" */;
			buildPhases = (
				08D14F4B16671A0F00668779 /* Sources */,
				08D14F4C16671A0F00668779 /* Frameworks */,
				08D14F4D16671A0F00668779 /* Resources */,
			);
			buildRules = (
			);
			dependencies = (
			);
			name = FilmNotes;
			productName = FilmNotes;
			productReference = 08D14F4F16671A0F00668779 /* FilmNotes.app */;
			productType = "com.apple.product-type.application";
		};
		08D14F7516671A1000668779 /* FilmNotesTests */ = {
			isa = PBXNativeTarget;
			buildConfigurationList = 08D14F8B16671A1100668779 /* Build configuration list for PBXNativeTarget "FilmNotesTests" */;
			buildPhases = (
				08D14F7116671A1000668779 /* Sources */,
				08D14F7216671A1000668779 /* Frameworks */,
				08D14F7316671A1000668779 /* Resources */,
				08D14F7416671A1000668779 /* ShellScript */,
			);
			buildRules = (
			);
			dependencies = (
				08D14F7C16671A1000668779 /* PBXTargetDependency */,
			);
			name = FilmNotesTests;
			productName = FilmNotesTests;
			productReference = 08D14F7616671A1000668779 /* FilmNotesTests.octest */;
			productType = "com.apple.product-type.bundle.ocunit-test";
		};
/* End PBXNativeTarget section */

/* Begin PBXProject section */
		08D14F4616671A0F00668779 /* Project object */ = {
			isa = PBXProject;
			attributes = {
				LastTestingUpgradeCheck = 0730;
				LastUpgradeCheck = 0730;
				ORGANIZATIONNAME = wtc;
				TargetAttributes = {
					08D14F4E16671A0F00668779 = {
						DevelopmentTeam = 68HX7TG47P;
					};
				};
			};
			buildConfigurationList = 08D14F4916671A0F00668779 /* Build configuration list for PBXProject "FilmNotes" */;
			compatibilityVersion = "Xcode 3.2";
			developmentRegion = English;
			hasScannedForEncodings = 0;
			knownRegions = (
				en,
			);
			mainGroup = 08D14F4416671A0F00668779;
			productRefGroup = 08D14F5016671A0F00668779 /* Products */;
			projectDirPath = "";
			projectRoot = "";
			targets = (
				08D14F4E16671A0F00668779 /* FilmNotes */,
				08D14F7516671A1000668779 /* FilmNotesTests */,
			);
		};
/* End PBXProject section */

/* Begin PBXResourcesBuildPhase section */
		08D14F4D16671A0F00668779 /* Resources */ = {
			isa = PBXResourcesBuildPhase;
			buildActionMask = 2147483647;
			files = (
				08AEE7831683A3C400038F37 /* settings-gear.png in Resources */,
				08D14F5E16671A1000668779 /* InfoPlist.strings in Resources */,
				08D14F6A16671A1000668779 /* Default-568h@2x.png in Resources */,
				08E02C9616672B3000AD45DA /* Walkway_SemiBold.ttf in Resources */,
				081C39EC1681E7A5004BC752 /* backSlashKeyDownBackground.png in Resources */,
				086E3B7116845E8A00F3ECA1 /* edit-arrow.png in Resources */,
				0893612D168664F20065F023 /* edit-arrow@2x.png in Resources */,
				081269C01686ECA00000A488 /* Icon-72.png in Resources */,
				081269C21686ECA00000A488 /* Icon-72@2x.png in Resources */,
				081269C41686ECA00000A488 /* Icon-Small-50.png in Resources */,
				081269C61686ECA00000A488 /* Icon-Small-50@2x.png in Resources */,
				081269C81686ECA00000A488 /* Icon-Small.png in Resources */,
				081269CA1686ECA00000A488 /* Icon-Small@2x.png in Resources */,
				081269CC1686ECA00000A488 /* Icon.png in Resources */,
				081269CE1686ECA00000A488 /* Icon@2x.png in Resources */,
				081269D21686EF250000A488 /* iTunesArtwork in Resources */,
				081269D41686EF250000A488 /* iTunesArtwork@2x in Resources */,
				08BEE48F1687B136002F855C /* Default@2x.png in Resources */,
				08BEE4921687B165002F855C /* Default.png in Resources */,
				08BEE4961687D2E6002F855C /* edit-arrow-highlight.png in Resources */,
				08BEE4981687D2E6002F855C /* edit-arrow-highlight@2x.png in Resources */,
				08BEE49E1687DB9A002F855C /* tour-logo.png in Resources */,
				084A814A168BE5D5001C8C29 /* MainStoryboard.storyboard in Resources */,
				084A814D168BE781001C8C29 /* Tour.png in Resources */,
				084A814E168BE781001C8C29 /* Tour4s.png in Resources */,
				084A8156168C19CB001C8C29 /* settings-gear@2x.png in Resources */,
				083251EF168CE1B60057EB2D /* Tour4s@2x.png in Resources */,
				083251F1168CE2510057EB2D /* tour-logo@2x.png in Resources */,
				08777AF2169775A4008A0EFE /* Settings.bundle in Resources */,
			);
			runOnlyForDeploymentPostprocessing = 0;
		};
		08D14F7316671A1000668779 /* Resources */ = {
			isa = PBXResourcesBuildPhase;
			buildActionMask = 2147483647;
			files = (
				08D14F8216671A1000668779 /* InfoPlist.strings in Resources */,
				08E02C9716672B3200AD45DA /* Walkway_SemiBold.ttf in Resources */,
				081C39ED1681E7A5004BC752 /* backSlashKeyDownBackground.png in Resources */,
				08AEE7821683A35400038F37 /* settings-gear.png in Resources */,
				081269C11686ECA00000A488 /* Icon-72.png in Resources */,
				081269C31686ECA00000A488 /* Icon-72@2x.png in Resources */,
				081269C51686ECA00000A488 /* Icon-Small-50.png in Resources */,
				081269C71686ECA00000A488 /* Icon-Small-50@2x.png in Resources */,
				081269C91686ECA00000A488 /* Icon-Small.png in Resources */,
				081269CB1686ECA00000A488 /* Icon-Small@2x.png in Resources */,
				081269CD1686ECA00000A488 /* Icon.png in Resources */,
				081269CF1686ECA00000A488 /* Icon@2x.png in Resources */,
				081269D31686EF250000A488 /* iTunesArtwork in Resources */,
				081269D51686EF250000A488 /* iTunesArtwork@2x in Resources */,
				08BEE4901687B136002F855C /* Default@2x.png in Resources */,
				08BEE4931687B165002F855C /* Default.png in Resources */,
				08BEE4971687D2E6002F855C /* edit-arrow-highlight.png in Resources */,
				08BEE4991687D2E6002F855C /* edit-arrow-highlight@2x.png in Resources */,
				08BEE49F1687DB9A002F855C /* tour-logo.png in Resources */,
				08777AF3169775A4008A0EFE /* Settings.bundle in Resources */,
			);
			runOnlyForDeploymentPostprocessing = 0;
		};
/* End PBXResourcesBuildPhase section */

/* Begin PBXShellScriptBuildPhase section */
		08D14F7416671A1000668779 /* ShellScript */ = {
			isa = PBXShellScriptBuildPhase;
			buildActionMask = 2147483647;
			files = (
			);
			inputPaths = (
			);
			outputPaths = (
			);
			runOnlyForDeploymentPostprocessing = 0;
			shellPath = /bin/sh;
			shellScript = "# Run the unit tests in this test bundle.\n\"${SYSTEM_DEVELOPER_DIR}/Tools/RunUnitTests\"\n";
		};
/* End PBXShellScriptBuildPhase section */

/* Begin PBXSourcesBuildPhase section */
		08D14F4B16671A0F00668779 /* Sources */ = {
			isa = PBXSourcesBuildPhase;
			buildActionMask = 2147483647;
			files = (
				08D14F6016671A1000668779 /* main.m in Sources */,
				08D14F6416671A1000668779 /* AppDelegate.m in Sources */,
				08D14F7016671A1000668779 /* ViewController.m in Sources */,
				08D14F9216671B8F00668779 /* CustomCell.m in Sources */,
				080F508D1667CF4E00595BDF /* RollViewController.m in Sources */,
				085CB70A16692ABA00AA7D74 /* RollDataViewController.m in Sources */,
				086E6D5D166B3A89001D11BB /* DatabaseControl.m in Sources */,
				08955500166DB6010081AD46 /* TTAlertView.m in Sources */,
				086B143E167015D700E7A76F /* MapViewController.m in Sources */,
				084552581681AD79002C7BFB /* LoadingView.m in Sources */,
				081C39F11681EC93004BC752 /* CustomTextView.m in Sources */,
				081C39F91682851F004BC752 /* NumberKeypadBackSlash.m in Sources */,
				081C3A0516829B7D004BC752 /* RDActionSheet.m in Sources */,
				08838E4B1682C01200195750 /* LocationController.m in Sources */,
				08AEE7961683D09500038F37 /* CustomDefaultsCell.m in Sources */,
				08936130168698490065F023 /* AddressAnnotation.m in Sources */,
				08BEE4A21687DD33002F855C /* TourViewController.m in Sources */,
				081EFBA0168A6E060048E717 /* MoveViewTextField.m in Sources */,
				084A8151168BE801001C8C29 /* TourImageViewController.m in Sources */,
				08777AF6169775D3008A0EFE /* SettingViewController.m in Sources */,
				08777AFA169775E0008A0EFE /* MoreInfoViewController.m in Sources */,
			);
			runOnlyForDeploymentPostprocessing = 0;
		};
		08D14F7116671A1000668779 /* Sources */ = {
			isa = PBXSourcesBuildPhase;
			buildActionMask = 2147483647;
			files = (
				08D14F8516671A1100668779 /* FilmNotesTests.m in Sources */,
				086E6D5E166B3A89001D11BB /* DatabaseControl.m in Sources */,
				08955501166DB6010081AD46 /* TTAlertView.m in Sources */,
				081C39F21681EC93004BC752 /* CustomTextView.m in Sources */,
				081C39FA1682851F004BC752 /* NumberKeypadBackSlash.m in Sources */,
				081C3A0616829B7D004BC752 /* RDActionSheet.m in Sources */,
				08838E4C1682C01200195750 /* LocationController.m in Sources */,
				08AEE7971683D09500038F37 /* CustomDefaultsCell.m in Sources */,
				08936131168698490065F023 /* AddressAnnotation.m in Sources */,
				08BEE4A31687DD33002F855C /* TourViewController.m in Sources */,
				08777AF7169775D3008A0EFE /* SettingViewController.m in Sources */,
				08777AFB169775E0008A0EFE /* MoreInfoViewController.m in Sources */,
			);
			runOnlyForDeploymentPostprocessing = 0;
		};
/* End PBXSourcesBuildPhase section */

/* Begin PBXTargetDependency section */
		08D14F7C16671A1000668779 /* PBXTargetDependency */ = {
			isa = PBXTargetDependency;
			target = 08D14F4E16671A0F00668779 /* FilmNotes */;
			targetProxy = 08D14F7B16671A1000668779 /* PBXContainerItemProxy */;
		};
/* End PBXTargetDependency section */

/* Begin PBXVariantGroup section */
		08D14F5C16671A1000668779 /* InfoPlist.strings */ = {
			isa = PBXVariantGroup;
			children = (
				08D14F5D16671A1000668779 /* en */,
			);
			name = InfoPlist.strings;
			sourceTree = "<group>";
		};
		08D14F8016671A1000668779 /* InfoPlist.strings */ = {
			isa = PBXVariantGroup;
			children = (
				08D14F8116671A1000668779 /* en */,
			);
			name = InfoPlist.strings;
			sourceTree = "<group>";
		};
/* End PBXVariantGroup section */

/* Begin XCBuildConfiguration section */
		08D14F8616671A1100668779 /* Debug */ = {
			isa = XCBuildConfiguration;
			buildSettings = {
				ALWAYS_SEARCH_USER_PATHS = NO;
				CLANG_CXX_LANGUAGE_STANDARD = "gnu++0x";
				CLANG_CXX_LIBRARY = "libc++";
				CLANG_ENABLE_OBJC_ARC = YES;
				CLANG_WARN_EMPTY_BODY = YES;
				CLANG_WARN__DUPLICATE_METHOD_MATCH = YES;
				CODE_SIGN_IDENTITY = "iPhone Developer: Robert Ozimek (B99AA774J3)";
				"CODE_SIGN_IDENTITY[sdk=iphoneos*]" = "iPhone Developer";
				COPY_PHASE_STRIP = NO;
				ENABLE_TESTABILITY = YES;
				GCC_C_LANGUAGE_STANDARD = gnu99;
				GCC_DYNAMIC_NO_PIC = NO;
				GCC_OPTIMIZATION_LEVEL = 0;
				GCC_PREPROCESSOR_DEFINITIONS = (
					"DEBUG=1",
					"$(inherited)",
				);
				GCC_SYMBOLS_PRIVATE_EXTERN = NO;
				GCC_WARN_ABOUT_RETURN_TYPE = YES;
				GCC_WARN_UNINITIALIZED_AUTOS = YES;
				GCC_WARN_UNUSED_VARIABLE = YES;
				IPHONEOS_DEPLOYMENT_TARGET = 6.0;
				ONLY_ACTIVE_ARCH = YES;
				PROVISIONING_PROFILE = "15F4C152-5BAB-40D5-AD2B-3767D3F40A80";
				SDKROOT = iphoneos;
			};
			name = Debug;
		};
		08D14F8716671A1100668779 /* Release */ = {
			isa = XCBuildConfiguration;
			buildSettings = {
				ALWAYS_SEARCH_USER_PATHS = NO;
				CLANG_CXX_LANGUAGE_STANDARD = "gnu++0x";
				CLANG_CXX_LIBRARY = "libc++";
				CLANG_ENABLE_OBJC_ARC = YES;
				CLANG_WARN_EMPTY_BODY = YES;
				CLANG_WARN__DUPLICATE_METHOD_MATCH = YES;
				CODE_SIGN_IDENTITY = "iPhone Developer: Robert Ozimek (B99AA774J3)";
				"CODE_SIGN_IDENTITY[sdk=iphoneos*]" = "iPhone Developer";
				COPY_PHASE_STRIP = YES;
				GCC_C_LANGUAGE_STANDARD = gnu99;
				GCC_WARN_ABOUT_RETURN_TYPE = YES;
				GCC_WARN_UNINITIALIZED_AUTOS = YES;
				GCC_WARN_UNUSED_VARIABLE = YES;
				IPHONEOS_DEPLOYMENT_TARGET = 6.0;
				OTHER_CFLAGS = "-DNS_BLOCK_ASSERTIONS=1";
				PROVISIONING_PROFILE = "15F4C152-5BAB-40D5-AD2B-3767D3F40A80";
				SDKROOT = iphoneos;
				VALIDATE_PRODUCT = YES;
			};
			name = Release;
		};
		08D14F8916671A1100668779 /* Debug */ = {
			isa = XCBuildConfiguration;
			buildSettings = {
				CODE_SIGN_IDENTITY = "iPhone Developer";
				"CODE_SIGN_IDENTITY[sdk=iphoneos*]" = "iPhone Developer";
				GCC_PRECOMPILE_PREFIX_HEADER = YES;
				GCC_PREFIX_HEADER = "FilmNotes/FilmNotes-Prefix.pch";
				INFOPLIST_FILE = "FilmNotes/FilmNotes-Info.plist";
				IPHONEOS_DEPLOYMENT_TARGET = 6.0;
				PRODUCT_BUNDLE_IDENTIFIER = "com.wtc.${PRODUCT_NAME:rfc1034identifier}";
				PRODUCT_NAME = "$(TARGET_NAME)";
				PROVISIONING_PROFILE = "";
				TARGETED_DEVICE_FAMILY = 1;
				WRAPPER_EXTENSION = app;
			};
			name = Debug;
		};
		08D14F8A16671A1100668779 /* Release */ = {
			isa = XCBuildConfiguration;
			buildSettings = {
				CODE_SIGN_IDENTITY = "iPhone Developer";
				"CODE_SIGN_IDENTITY[sdk=iphoneos*]" = "iPhone Developer";
				GCC_PRECOMPILE_PREFIX_HEADER = YES;
				GCC_PREFIX_HEADER = "FilmNotes/FilmNotes-Prefix.pch";
				INFOPLIST_FILE = "FilmNotes/FilmNotes-Info.plist";
				IPHONEOS_DEPLOYMENT_TARGET = 6.0;
				PRODUCT_BUNDLE_IDENTIFIER = "com.wtc.${PRODUCT_NAME:rfc1034identifier}";
				PRODUCT_NAME = "$(TARGET_NAME)";
				PROVISIONING_PROFILE = "";
				TARGETED_DEVICE_FAMILY = 1;
				WRAPPER_EXTENSION = app;
			};
			name = Release;
		};
		08D14F8C16671A1100668779 /* Debug */ = {
			isa = XCBuildConfiguration;
			buildSettings = {
				BUNDLE_LOADER = "$(BUILT_PRODUCTS_DIR)/FilmNotes.app/FilmNotes";
				FRAMEWORK_SEARCH_PATHS = (
					"\"$(SDKROOT)/Developer/Library/Frameworks\"",
					"\"$(DEVELOPER_LIBRARY_DIR)/Frameworks\"",
				);
				GCC_PRECOMPILE_PREFIX_HEADER = YES;
				GCC_PREFIX_HEADER = "FilmNotes/FilmNotes-Prefix.pch";
				INFOPLIST_FILE = "FilmNotesTests/FilmNotesTests-Info.plist";
				PRODUCT_BUNDLE_IDENTIFIER = "com.wtc.${PRODUCT_NAME:rfc1034identifier}";
				PRODUCT_NAME = "$(TARGET_NAME)";
				TEST_HOST = "$(BUNDLE_LOADER)";
				WRAPPER_EXTENSION = octest;
			};
			name = Debug;
		};
		08D14F8D16671A1100668779 /* Release */ = {
			isa = XCBuildConfiguration;
			buildSettings = {
				BUNDLE_LOADER = "$(BUILT_PRODUCTS_DIR)/FilmNotes.app/FilmNotes";
				FRAMEWORK_SEARCH_PATHS = (
					"\"$(SDKROOT)/Developer/Library/Frameworks\"",
					"\"$(DEVELOPER_LIBRARY_DIR)/Frameworks\"",
				);
				GCC_PRECOMPILE_PREFIX_HEADER = YES;
				GCC_PREFIX_HEADER = "FilmNotes/FilmNotes-Prefix.pch";
				INFOPLIST_FILE = "FilmNotesTests/FilmNotesTests-Info.plist";
				PRODUCT_BUNDLE_IDENTIFIER = "com.wtc.${PRODUCT_NAME:rfc1034identifier}";
				PRODUCT_NAME = "$(TARGET_NAME)";
				TEST_HOST = "$(BUNDLE_LOADER)";
				WRAPPER_EXTENSION = octest;
			};
			name = Release;
		};
/* End XCBuildConfiguration section */

/* Begin XCConfigurationList section */
		08D14F4916671A0F00668779 /* Build configuration list for PBXProject "FilmNotes" */ = {
			isa = XCConfigurationList;
			buildConfigurations = (
				08D14F8616671A1100668779 /* Debug */,
				08D14F8716671A1100668779 /* Release */,
			);
			defaultConfigurationIsVisible = 0;
			defaultConfigurationName = Release;
		};
		08D14F8816671A1100668779 /* Build configuration list for PBXNativeTarget "FilmNotes" */ = {
			isa = XCConfigurationList;
			buildConfigurations = (
				08D14F8916671A1100668779 /* Debug */,
				08D14F8A16671A1100668779 /* Release */,
			);
			defaultConfigurationIsVisible = 0;
			defaultConfigurationName = Release;
		};
		08D14F8B16671A1100668779 /* Build configuration list for PBXNativeTarget "FilmNotesTests" */ = {
			isa = XCConfigurationList;
			buildConfigurations = (
				08D14F8C16671A1100668779 /* Debug */,
				08D14F8D16671A1100668779 /* Release */,
			);
			defaultConfigurationIsVisible = 0;
			defaultConfigurationName = Release;
		};
/* End XCConfigurationList section */
	};
	rootObject = 08D14F4616671A0F00668779 /* Project object */;
}
